
Microsoft Visual Studio Solution File, Format Version 12.00
# Visual Studio 14
VisualStudioVersion = 14.0.25420.1
MinimumVisualStudioVersion = 10.0.40219.1
Project("{8BB2217D-0F2D-49D1-97BC-3654ED321F3B}") = "Sonak", "Sonak\Sonak.xproj", "{2C7C79DD-C0F4-43B5-A8FB-95B5552A1178}"
EndProject
Project("{8BB2217D-0F2D-49D1-97BC-3654ED321F3B}") = "Sonak.Analyzer", "Sonak.Analyzer\Sonak.Analyzer.xproj", "{B77A2F5A-846D-4106-B910-801AE1938B9B}"
EndProject
Global
	GlobalSection(SolutionConfigurationPlatforms) = preSolution
		Debug|Any CPU = Debug|Any CPU
		Release|Any CPU = Release|Any CPU
	EndGlobalSection
	GlobalSection(ProjectConfigurationPlatforms) = postSolution
		{2C7C79DD-C0F4-43B5-A8FB-95B5552A1178}.Debug|Any CPU.ActiveCfg = Debug|Any CPU
		{2C7C79DD-C0F4-43B5-A8FB-95B5552A1178}.Debug|Any CPU.Build.0 = Debug|Any CPU
		{2C7C79DD-C0F4-43B5-A8FB-95B5552A1178}.Release|Any CPU.ActiveCfg = Release|Any CPU
		{2C7C79DD-C0F4-43B5-A8FB-95B5552A1178}.Release|Any CPU.Build.0 = Release|Any CPU
		{B77A2F5A-846D-4106-B910-801AE1938B9B}.Debug|Any CPU.ActiveCfg = Debug|Any CPU
		{B77A2F5A-846D-4106-B910-801AE1938B9B}.Debug|Any CPU.Build.0 = Debug|Any CPU
		{B77A2F5A-846D-4106-B910-801AE1938B9B}.Release|Any CPU.ActiveCfg = Release|Any CPU
		{B77A2F5A-846D-4106-B910-801AE1938B9B}.Release|Any CPU.Build.0 = Release|Any CPU
	EndGlobalSection
	GlobalSection(SolutionProperties) = preSolution
		HideSolutionNode = FALSE
	EndGlobalSection
EndGlobal
